// !$*UTF8*$!
{
	archiveVersion = 1;
	classes = {
	};
	objectVersion = 52;
	objects = {

/* Begin PBXBuildFile section */
		1746076D9D140C1BAFB31052 /* Pods_Two_Days_Weather.framework in Frameworks */ = {isa = PBXBuildFile; fileRef = D0E9678AB97130FC62353DF8 /* Pods_Two_Days_Weather.framework */; };
		249F10D123AE86F20051BC4F /* AppDelegate.swift in Sources */ = {isa = PBXBuildFile; fileRef = 249F10D023AE86F20051BC4F /* AppDelegate.swift */; };
		249F10D323AE86F20051BC4F /* SceneDelegate.swift in Sources */ = {isa = PBXBuildFile; fileRef = 249F10D223AE86F20051BC4F /* SceneDelegate.swift */; };
		249F10D523AE86F20051BC4F /* ViewController.swift in Sources */ = {isa = PBXBuildFile; fileRef = 249F10D423AE86F20051BC4F /* ViewController.swift */; };
		249F10DA23AE86F30051BC4F /* Assets.xcassets in Resources */ = {isa = PBXBuildFile; fileRef = 249F10D923AE86F30051BC4F /* Assets.xcassets */; };
		249F10DD23AE86F30051BC4F /* LaunchScreen.storyboard in Resources */ = {isa = PBXBuildFile; fileRef = 249F10DB23AE86F30051BC4F /* LaunchScreen.storyboard */; };
		249F10E523AE8DA20051BC4F /* DataModel.swift in Sources */ = {isa = PBXBuildFile; fileRef = 249F10E423AE8DA20051BC4F /* DataModel.swift */; };
		24FB127023AE985E00EE8A1E /* Secrets.swift in Sources */ = {isa = PBXBuildFile; fileRef = 24FB126F23AE985E00EE8A1E /* Secrets.swift */; };
/* End PBXBuildFile section */

/* Begin PBXFileReference section */
		249F10CD23AE86F20051BC4F /* Two Days Weather.app */ = {isa = PBXFileReference; explicitFileType = wrapper.application; includeInIndex = 0; path = "Two Days Weather.app"; sourceTree = BUILT_PRODUCTS_DIR; };
		249F10D023AE86F20051BC4F /* AppDelegate.swift */ = {isa = PBXFileReference; lastKnownFileType = sourcecode.swift; path = AppDelegate.swift; sourceTree = "<group>"; };
		249F10D223AE86F20051BC4F /* SceneDelegate.swift */ = {isa = PBXFileReference; lastKnownFileType = sourcecode.swift; path = SceneDelegate.swift; sourceTree = "<group>"; };
		249F10D423AE86F20051BC4F /* ViewController.swift */ = {isa = PBXFileReference; lastKnownFileType = sourcecode.swift; path = ViewController.swift; sourceTree = "<group>"; };
		249F10D923AE86F30051BC4F /* Assets.xcassets */ = {isa = PBXFileReference; lastKnownFileType = folder.assetcatalog; path = Assets.xcassets; sourceTree = "<group>"; };
		249F10DC23AE86F30051BC4F /* Base */ = {isa = PBXFileReference; lastKnownFileType = file.storyboard; name = Base; path = Base.lproj/LaunchScreen.storyboard; sourceTree = "<group>"; };
		249F10DE23AE86F30051BC4F /* Info.plist */ = {isa = PBXFileReference; lastKnownFileType = text.plist.xml; path = Info.plist; sourceTree = "<group>"; };
		249F10E423AE8DA20051BC4F /* DataModel.swift */ = {isa = PBXFileReference; lastKnownFileType = sourcecode.swift; path = DataModel.swift; sourceTree = "<group>"; };
		24FB126F23AE985E00EE8A1E /* Secrets.swift */ = {isa = PBXFileReference; lastKnownFileType = sourcecode.swift; path = Secrets.swift; sourceTree = "<group>"; };
		60C36A91D8ED8802C30FEE41 /* Pods-Two Days Weather.release.xcconfig */ = {isa = PBXFileReference; includeInIndex = 1; lastKnownFileType = text.xcconfig; name = "Pods-Two Days Weather.release.xcconfig"; path = "Target Support Files/Pods-Two Days Weather/Pods-Two Days Weather.release.xcconfig"; sourceTree = "<group>"; };
		9582F2240C673D91EB235838 /* Pods-Two Days Weather.debug.xcconfig */ = {isa = PBXFileReference; includeInIndex = 1; lastKnownFileType = text.xcconfig; name = "Pods-Two Days Weather.debug.xcconfig"; path = "Target Support Files/Pods-Two Days Weather/Pods-Two Days Weather.debug.xcconfig"; sourceTree = "<group>"; };
		D0E9678AB97130FC62353DF8 /* Pods_Two_Days_Weather.framework */ = {isa = PBXFileReference; explicitFileType = wrapper.framework; includeInIndex = 0; path = Pods_Two_Days_Weather.framework; sourceTree = BUILT_PRODUCTS_DIR; };
/* End PBXFileReference section */

/* Begin PBXFrameworksBuildPhase section */
		249F10CA23AE86F20051BC4F /* Frameworks */ = {
			isa = PBXFrameworksBuildPhase;
			buildActionMask = 2147483647;
			files = (
				1746076D9D140C1BAFB31052 /* Pods_Two_Days_Weather.framework in Frameworks */,
			);
			runOnlyForDeploymentPostprocessing = 0;
		};
/* End PBXFrameworksBuildPhase section */

/* Begin PBXGroup section */
		249F10C423AE86F20051BC4F = {
			isa = PBXGroup;
			children = (
				249F10CF23AE86F20051BC4F /* Two Days Weather */,
				249F10CE23AE86F20051BC4F /* Products */,
				DFF0389DCDCE38BE4ACF2569 /* Pods */,
				33E2697BA7D607344238EC2C /* Frameworks */,
			);
			sourceTree = "<group>";
		};
		249F10CE23AE86F20051BC4F /* Products */ = {
			isa = PBXGroup;
			children = (
				249F10CD23AE86F20051BC4F /* Two Days Weather.app */,
			);
			name = Products;
			sourceTree = "<group>";
		};
		249F10CF23AE86F20051BC4F /* Two Days Weather */ = {
			isa = PBXGroup;
			children = (
				249F10E723AE8E610051BC4F /* Controllers */,
				249F10E623AE8E5C0051BC4F /* Models */,
				249F10D023AE86F20051BC4F /* AppDelegate.swift */,
				249F10D223AE86F20051BC4F /* SceneDelegate.swift */,
				249F10D923AE86F30051BC4F /* Assets.xcassets */,
				249F10DB23AE86F30051BC4F /* LaunchScreen.storyboard */,
				249F10DE23AE86F30051BC4F /* Info.plist */,
				24FB126F23AE985E00EE8A1E /* Secrets.swift */,
			);
			path = "Two Days Weather";
			sourceTree = "<group>";
		};
		249F10E623AE8E5C0051BC4F /* Models */ = {
			isa = PBXGroup;
			children = (
				249F10E423AE8DA20051BC4F /* DataModel.swift */,
			);
			path = Models;
			sourceTree = "<group>";
		};
		249F10E723AE8E610051BC4F /* Controllers */ = {
			isa = PBXGroup;
			children = (
				249F10D423AE86F20051BC4F /* ViewController.swift */,
			);
			path = Controllers;
			sourceTree = "<group>";
		};
		33E2697BA7D607344238EC2C /* Frameworks */ = {
			isa = PBXGroup;
			children = (
				D0E9678AB97130FC62353DF8 /* Pods_Two_Days_Weather.framework */,
			);
			name = Frameworks;
			sourceTree = "<group>";
		};
		DFF0389DCDCE38BE4ACF2569 /* Pods */ = {
			isa = PBXGroup;
			children = (
				9582F2240C673D91EB235838 /* Pods-Two Days Weather.debug.xcconfig */,
				60C36A91D8ED8802C30FEE41 /* Pods-Two Days Weather.release.xcconfig */,
			);
			path = Pods;
			sourceTree = "<group>";
		};
/* End PBXGroup section */

/* Begin PBXNativeTarget section */
		249F10CC23AE86F20051BC4F /* Two Days Weather */ = {
			isa = PBXNativeTarget;
			buildConfigurationList = 249F10E123AE86F30051BC4F /* Build configuration list for PBXNativeTarget "Two Days Weather" */;
			buildPhases = (
				C7C48A52E4683D1672AD68CA /* [CP] Check Pods Manifest.lock */,
				249F10C923AE86F20051BC4F /* Sources */,
				249F10CA23AE86F20051BC4F /* Frameworks */,
				249F10CB23AE86F20051BC4F /* Resources */,
				EF73122D687E819A4CE32F10 /* [CP] Embed Pods Frameworks */,
			);
			buildRules = (
			);
			dependencies = (
			);
			name = "Two Days Weather";
			productName = "Two Days Weather";
			productReference = 249F10CD23AE86F20051BC4F /* Two Days Weather.app */;
			productType = "com.apple.product-type.application";
		};
/* End PBXNativeTarget section */

/* Begin PBXProject section */
		249F10C523AE86F20051BC4F /* Project object */ = {
			isa = PBXProject;
			attributes = {
				LastSwiftUpdateCheck = 1130;
				LastUpgradeCheck = 1130;
				ORGANIZATIONNAME = "Kyle Coburn";
				TargetAttributes = {
					249F10CC23AE86F20051BC4F = {
						CreatedOnToolsVersion = 11.3;
					};
				};
			};
			buildConfigurationList = 249F10C823AE86F20051BC4F /* Build configuration list for PBXProject "Two Days Weather" */;
			compatibilityVersion = "Xcode 11.0";
			developmentRegion = en;
			hasScannedForEncodings = 0;
			knownRegions = (
				en,
				Base,
			);
			mainGroup = 249F10C423AE86F20051BC4F;
			productRefGroup = 249F10CE23AE86F20051BC4F /* Products */;
			projectDirPath = "";
			projectRoot = "";
			targets = (
				249F10CC23AE86F20051BC4F /* Two Days Weather */,
			);
		};
/* End PBXProject section */

/* Begin PBXResourcesBuildPhase section */
		249F10CB23AE86F20051BC4F /* Resources */ = {
			isa = PBXResourcesBuildPhase;
			buildActionMask = 2147483647;
			files = (
				249F10DD23AE86F30051BC4F /* LaunchScreen.storyboard in Resources */,
				249F10DA23AE86F30051BC4F /* Assets.xcassets in Resources */,
			);
			runOnlyForDeploymentPostprocessing = 0;
		};
/* End PBXResourcesBuildPhase section */

/* Begin PBXShellScriptBuildPhase section */
		C7C48A52E4683D1672AD68CA /* [CP] Check Pods Manifest.lock */ = {
			isa = PBXShellScriptBuildPhase;
			buildActionMask = 2147483647;
			files = (
			);
			inputFileListPaths = (
			);
			inputPaths = (
				"${PODS_PODFILE_DIR_PATH}/Podfile.lock",
				"${PODS_ROOT}/Manifest.lock",
			);
			name = "[CP] Check Pods Manifest.lock";
			outputFileListPaths = (
			);
			outputPaths = (
				"$(DERIVED_FILE_DIR)/Pods-Two Days Weather-checkManifestLockResult.txt",
			);
			runOnlyForDeploymentPostprocessing = 0;
			shellPath = /bin/sh;
			shellScript = "diff \"${PODS_PODFILE_DIR_PATH}/Podfile.lock\" \"${PODS_ROOT}/Manifest.lock\" > /dev/null\nif [ $? != 0 ] ; then\n    # print error to STDERR\n    echo \"error: The sandbox is not in sync with the Podfile.lock. Run 'pod install' or update your CocoaPods installation.\" >&2\n    exit 1\nfi\n# This output is used by Xcode 'outputs' to avoid re-running this script phase.\necho \"SUCCESS\" > \"${SCRIPT_OUTPUT_FILE_0}\"\n";
			showEnvVarsInLog = 0;
		};
		EF73122D687E819A4CE32F10 /* [CP] Embed Pods Frameworks */ = {
			isa = PBXShellScriptBuildPhase;
			buildActionMask = 2147483647;
			files = (
			);
			inputFileListPaths = (
				"${PODS_ROOT}/Target Support Files/Pods-Two Days Weather/Pods-Two Days Weather-frameworks-${CONFIGURATION}-input-files.xcfilelist",
			);
			name = "[CP] Embed Pods Frameworks";
			outputFileListPaths = (
				"${PODS_ROOT}/Target Support Files/Pods-Two Days Weather/Pods-Two Days Weather-frameworks-${CONFIGURATION}-output-files.xcfilelist",
			);
			runOnlyForDeploymentPostprocessing = 0;
			shellPath = /bin/sh;
			shellScript = "\"${PODS_ROOT}/Target Support Files/Pods-Two Days Weather/Pods-Two Days Weather-frameworks.sh\"\n";
			showEnvVarsInLog = 0;
		};
/* End PBXShellScriptBuildPhase section */

/* Begin PBXSourcesBuildPhase section */
		249F10C923AE86F20051BC4F /* Sources */ = {
			isa = PBXSourcesBuildPhase;
			buildActionMask = 2147483647;
			files = (
				249F10D523AE86F20051BC4F /* ViewController.swift in Sources */,
				24FB127023AE985E00EE8A1E /* Secrets.swift in Sources */,
				249F10E523AE8DA20051BC4F /* DataModel.swift in Sources */,
				249F10D123AE86F20051BC4F /* AppDelegate.swift in Sources */,
				249F10D323AE86F20051BC4F /* SceneDelegate.swift in Sources */,
			);
			runOnlyForDeploymentPostprocessing = 0;
		};
/* End PBXSourcesBuildPhase section */

/* Begin PBXVariantGroup section */
		249F10DB23AE86F30051BC4F /* LaunchScreen.storyboard */ = {
			isa = PBXVariantGroup;
			children = (
				249F10DC23AE86F30051BC4F /* Base */,
			);
			name = LaunchScreen.storyboard;
			sourceTree = "<group>";
		};
/* End PBXVariantGroup section */

/* Begin XCBuildConfiguration section */
		249F10DF23AE86F30051BC4F /* Debug */ = {
			isa = XCBuildConfiguration;
			buildSettings = {
				ALWAYS_SEARCH_USER_PATHS = NO;
				CLANG_ANALYZER_NONNULL = YES;
				CLANG_ANALYZER_NUMBER_OBJECT_CONVERSION = YES_AGGRESSIVE;
				CLANG_CXX_LANGUAGE_STANDARD = "gnu++14";
				CLANG_CXX_LIBRARY = "libc++";
				CLANG_ENABLE_MODULES = YES;
				CLANG_ENABLE_OBJC_ARC = YES;
				CLANG_ENABLE_OBJC_WEAK = YES;
				CLANG_WARN_BLOCK_CAPTURE_AUTORELEASING = YES;
				CLANG_WARN_BOOL_CONVERSION = YES;
				CLANG_WARN_COMMA = YES;
				CLANG_WARN_CONSTANT_CONVERSION = YES;
				CLANG_WARN_DEPRECATED_OBJC_IMPLEMENTATIONS = YES;
				CLANG_WARN_DIRECT_OBJC_ISA_USAGE = YES_ERROR;
				CLANG_WARN_DOCUMENTATION_COMMENTS = YES;
				CLANG_WARN_EMPTY_BODY = YES;
				CLANG_WARN_ENUM_CONVERSION = YES;
				CLANG_WARN_INFINITE_RECURSION = YES;
				CLANG_WARN_INT_CONVERSION = YES;
				CLANG_WARN_NON_LITERAL_NULL_CONVERSION = YES;
				CLANG_WARN_OBJC_IMPLICIT_RETAIN_SELF = YES;
				CLANG_WARN_OBJC_LITERAL_CONVERSION = YES;
				CLANG_WARN_OBJC_ROOT_CLASS = YES_ERROR;
				CLANG_WARN_RANGE_LOOP_ANALYSIS = YES;
				CLANG_WARN_STRICT_PROTOTYPES = YES;
				CLANG_WARN_SUSPICIOUS_MOVE = YES;
				CLANG_WARN_UNGUARDED_AVAILABILITY = YES_AGGRESSIVE;
				CLANG_WARN_UNREACHABLE_CODE = YES;
				CLANG_WARN__DUPLICATE_METHOD_MATCH = YES;
				COPY_PHASE_STRIP = NO;
				DEBUG_INFORMATION_FORMAT = dwarf;
				ENABLE_STRICT_OBJC_MSGSEND = YES;
				ENABLE_TESTABILITY = YES;
				GCC_C_LANGUAGE_STANDARD = gnu11;
				GCC_DYNAMIC_NO_PIC = NO;
				GCC_NO_COMMON_BLOCKS = YES;
				GCC_OPTIMIZATION_LEVEL = 0;
				GCC_PREPROCESSOR_DEFINITIONS = (
					"DEBUG=1",
					"$(inherited)",
				);
				GCC_WARN_64_TO_32_BIT_CONVERSION = YES;
				GCC_WARN_ABOUT_RETURN_TYPE = YES_ERROR;
				GCC_WARN_UNDECLARED_SELECTOR = YES;
				GCC_WARN_UNINITIALIZED_AUTOS = YES_AGGRESSIVE;
				GCC_WARN_UNUSED_FUNCTION = YES;
				GCC_WARN_UNUSED_VARIABLE = YES;
				IPHONEOS_DEPLOYMENT_TARGET = 13.2;
				MTL_ENABLE_DEBUG_INFO = INCLUDE_SOURCE;
				MTL_FAST_MATH = YES;
				ONLY_ACTIVE_ARCH = YES;
				SDKROOT = iphoneos;
				SWIFT_ACTIVE_COMPILATION_CONDITIONS = DEBUG;
				SWIFT_OPTIMIZATION_LEVEL = "-Onone";
			};
			name = Debug;
		};
		249F10E023AE86F30051BC4F /* Release */ = {
			isa = XCBuildConfiguration;
			buildSettings = {
				ALWAYS_SEARCH_USER_PATHS = NO;
				CLANG_ANALYZER_NONNULL = YES;
				CLANG_ANALYZER_NUMBER_OBJECT_CONVERSION = YES_AGGRESSIVE;
				CLANG_CXX_LANGUAGE_STANDARD = "gnu++14";
				CLANG_CXX_LIBRARY = "libc++";
				CLANG_ENABLE_MODULES = YES;
				CLANG_ENABLE_OBJC_ARC = YES;
				CLANG_ENABLE_OBJC_WEAK = YES;
				CLANG_WARN_BLOCK_CAPTURE_AUTORELEASING = YES;
				CLANG_WARN_BOOL_CONVERSION = YES;
				CLANG_WARN_COMMA = YES;
				CLANG_WARN_CONSTANT_CONVERSION = YES;
				CLANG_WARN_DEPRECATED_OBJC_IMPLEMENTATIONS = YES;
				CLANG_WARN_DIRECT_OBJC_ISA_USAGE = YES_ERROR;
				CLANG_WARN_DOCUMENTATION_COMMENTS = YES;
				CLANG_WARN_EMPTY_BODY = YES;
				CLANG_WARN_ENUM_CONVERSION = YES;
				CLANG_WARN_INFINITE_RECURSION = YES;
				CLANG_WARN_INT_CONVERSION = YES;
				CLANG_WARN_NON_LITERAL_NULL_CONVERSION = YES;
				CLANG_WARN_OBJC_IMPLICIT_RETAIN_SELF = YES;
				CLANG_WARN_OBJC_LITERAL_CONVERSION = YES;
				CLANG_WARN_OBJC_ROOT_CLASS = YES_ERROR;
				CLANG_WARN_RANGE_LOOP_ANALYSIS = YES;
				CLANG_WARN_STRICT_PROTOTYPES = YES;
				CLANG_WARN_SUSPICIOUS_MOVE = YES;
				CLANG_WARN_UNGUARDED_AVAILABILITY = YES_AGGRESSIVE;
				CLANG_WARN_UNREACHABLE_CODE = YES;
				CLANG_WARN__DUPLICATE_METHOD_MATCH = YES;
				COPY_PHASE_STRIP = NO;
				DEBUG_INFORMATION_FORMAT = "dwarf-with-dsym";
				ENABLE_NS_ASSERTIONS = NO;
				ENABLE_STRICT_OBJC_MSGSEND = YES;
				GCC_C_LANGUAGE_STANDARD = gnu11;
				GCC_NO_COMMON_BLOCKS = YES;
				GCC_WARN_64_TO_32_BIT_CONVERSION = YES;
				GCC_WARN_ABOUT_RETURN_TYPE = YES_ERROR;
				GCC_WARN_UNDECLARED_SELECTOR = YES;
				GCC_WARN_UNINITIALIZED_AUTOS = YES_AGGRESSIVE;
				GCC_WARN_UNUSED_FUNCTION = YES;
				GCC_WARN_UNUSED_VARIABLE = YES;
				IPHONEOS_DEPLOYMENT_TARGET = 13.2;
				MTL_ENABLE_DEBUG_INFO = NO;
				MTL_FAST_MATH = YES;
				SDKROOT = iphoneos;
				SWIFT_COMPILATION_MODE = wholemodule;
				SWIFT_OPTIMIZATION_LEVEL = "-O";
				VALIDATE_PRODUCT = YES;
			};
			name = Release;
		};
		249F10E223AE86F30051BC4F /* Debug */ = {
			isa = XCBuildConfiguration;
			baseConfigurationReference = 9582F2240C673D91EB235838 /* Pods-Two Days Weather.debug.xcconfig */;
			buildSettings = {
				ASSETCATALOG_COMPILER_APPICON_NAME = AppIcon;
				CODE_SIGN_STYLE = Automatic;
				INFOPLIST_FILE = "Two Days Weather/Info.plist";
				IPHONEOS_DEPLOYMENT_TARGET = 13.0;
				LD_RUNPATH_SEARCH_PATHS = (
					"$(inherited)",
					"@executable_path/Frameworks",
				);
				PRODUCT_BUNDLE_IDENTIFIER = "is.ky.Two-Days-Weather";
				PRODUCT_NAME = "$(TARGET_NAME)";
				SWIFT_VERSION = 5.0;
				TARGETED_DEVICE_FAMILY = "1,2";
			};
			name = Debug;
		};
		249F10E323AE86F30051BC4F /* Release */ = {
			isa = XCBuildConfiguration;
			baseConfigurationReference = 60C36A91D8ED8802C30FEE41 /* Pods-Two Days Weather.release.xcconfig */;
			buildSettings = {
				ASSETCATALOG_COMPILER_APPICON_NAME = AppIcon;
				CODE_SIGN_STYLE = Automatic;
				INFOPLIST_FILE = "Two Days Weather/Info.plist";
				IPHONEOS_DEPLOYMENT_TARGET = 13.0;
				LD_RUNPATH_SEARCH_PATHS = (
					"$(inherited)",
					"@executable_path/Frameworks",
				);
				PRODUCT_BUNDLE_IDENTIFIER = "is.ky.Two-Days-Weather";
				PRODUCT_NAME = "$(TARGET_NAME)";
				SWIFT_VERSION = 5.0;
				TARGETED_DEVICE_FAMILY = "1,2";
			};
			name = Release;
		};
/* End XCBuildConfiguration section */

/* Begin XCConfigurationList section */
		249F10C823AE86F20051BC4F /* Build configuration list for PBXProject "Two Days Weather" */ = {
			isa = XCConfigurationList;
			buildConfigurations = (
				249F10DF23AE86F30051BC4F /* Debug */,
				249F10E023AE86F30051BC4F /* Release */,
			);
			defaultConfigurationIsVisible = 0;
			defaultConfigurationName = Release;
		};
		249F10E123AE86F30051BC4F /* Build configuration list for PBXNativeTarget "Two Days Weather" */ = {
			isa = XCConfigurationList;
			buildConfigurations = (
				249F10E223AE86F30051BC4F /* Debug */,
				249F10E323AE86F30051BC4F /* Release */,
			);
			defaultConfigurationIsVisible = 0;
			defaultConfigurationName = Release;
		};
/* End XCConfigurationList section */
	};
	rootObject = 249F10C523AE86F20051BC4F /* Project object */;
}
